
Microsoft Visual Studio Solution File, Format Version 12.00
# Visual Studio Version 17
VisualStudioVersion = 17.1.32319.34
MinimumVisualStudioVersion = 10.0.40219.1
Project("{9A19103F-16F7-4668-BE54-9A1E7A4F7556}") = "DevEngine-2022", "DevEngine-2022\DevEngine-2022.csproj", "{BC93C50E-8BB5-4B55-AD06-25164624F8A0}"
EndProject
Project("{FAE04EC0-301F-11D3-BF4B-00C04F79EFBC}") = "DevEngine-2022test", "DevEngine-2022test\DevEngine-2022test.csproj", "{E575A1FD-516D-4B6F-AC3A-46558A215C5F}"
EndProject
Global
	GlobalSection(SolutionConfigurationPlatforms) = preSolution
		Debug|Any CPU = Debug|Any CPU
		Release|Any CPU = Release|Any CPU
	EndGlobalSection
	GlobalSection(ProjectConfigurationPlatforms) = postSolution
		{BC93C50E-8BB5-4B55-AD06-25164624F8A0}.Debug|Any CPU.ActiveCfg = Debug|Any CPU
		{BC93C50E-8BB5-4B55-AD06-25164624F8A0}.Debug|Any CPU.Build.0 = Debug|Any CPU
		{BC93C50E-8BB5-4B55-AD06-25164624F8A0}.Release|Any CPU.ActiveCfg = Release|Any CPU
		{BC93C50E-8BB5-4B55-AD06-25164624F8A0}.Release|Any CPU.Build.0 = Release|Any CPU
		{E575A1FD-516D-4B6F-AC3A-46558A215C5F}.Debug|Any CPU.ActiveCfg = Debug|Any CPU
		{E575A1FD-516D-4B6F-AC3A-46558A215C5F}.Debug|Any CPU.Build.0 = Debug|Any CPU
		{E575A1FD-516D-4B6F-AC3A-46558A215C5F}.Release|Any CPU.ActiveCfg = Release|Any CPU
		{E575A1FD-516D-4B6F-AC3A-46558A215C5F}.Release|Any CPU.Build.0 = Release|Any CPU
	EndGlobalSection
	GlobalSection(SolutionProperties) = preSolution
		HideSolutionNode = FALSE
	EndGlobalSection
	GlobalSection(ExtensibilityGlobals) = postSolution
		SolutionGuid = {78A3ACFB-513F-4BEB-BEF8-D9B9ADB6229A}
	EndGlobalSection
EndGlobal
